# THIS IS AN AUTOGENERATED FILE. DO NOT EDIT THIS FILE DIRECTLY.
# yarn lockfile v1


"@types/component-emitter@^1.2.10":
  version "1.2.10"
  resolved "https://registry.yarnpkg.com/@types/component-emitter/-/component-emitter-1.2.10.tgz#ef5b1589b9f16544642e473db5ea5639107ef3ea"
  integrity sha512-bsjleuRKWmGqajMerkzox19aGbscQX5rmmvvXl3wlIp5gMG1HgkiwPxsN5p070fBDKTNSPgojVbuY1+HWMbFhg==

"@types/node@^16.9.1":
  version "16.9.1"
  resolved "https://registry.yarnpkg.com/@types/node/-/node-16.9.1.tgz#0611b37db4246c937feef529ddcc018cf8e35708"
  integrity sha512-QpLcX9ZSsq3YYUUnD3nFDY8H7wctAhQj/TFKL8Ya8v5fMm3CFXxo8zStsLAl780ltoYoo1WvKUVGBQK+1ifr7g==

"@types/shortid@^0.0.29":
  version "0.0.29"
  resolved "https://registry.yarnpkg.com/@types/shortid/-/shortid-0.0.29.tgz#8093ee0416a6e2bf2aa6338109114b3fbffa0e9b"
  integrity sha1-gJPuBBam4r8qpjOBCRFLP7/6Dps=

ansi-styles@^4.1.0:
  version "4.3.0"
  resolved "https://registry.yarnpkg.com/ansi-styles/-/ansi-styles-4.3.0.tgz#edd803628ae71c04c85ae7a0906edad34b648937"
  integrity sha512-zbB9rCJAT1rbjiVDb2hqKFHNYLxgtk8NURxZ3IZwD3F6NtxbXZQCnnSi1Lkx+IDohdPlFp222wVALIheZJQSEg==
  dependencies:
    color-convert "^2.0.1"

backo2@~1.0.2:
  version "1.0.2"
  resolved "https://registry.yarnpkg.com/backo2/-/backo2-1.0.2.tgz#31ab1ac8b129363463e35b3ebb69f4dfcfba7947"
  integrity sha1-MasayLEpNjRj41s+u2n038+6eUc=

base64-arraybuffer@0.1.4:
  version "0.1.4"
  resolved "https://registry.yarnpkg.com/base64-arraybuffer/-/base64-arraybuffer-0.1.4.tgz#9818c79e059b1355f97e0428a017c838e90ba812"
  integrity sha1-mBjHngWbE1X5fgQooBfIOOkLqBI=

braces@^3.0.1:
  version "3.0.2"
  resolved "https://registry.yarnpkg.com/braces/-/braces-3.0.2.tgz#3454e1a462ee8d599e236df336cd9ea4f8afe107"
  integrity sha512-b8um+L1RzM3WDSzvhm6gIz1yfTbBt6YTlcEKAvsmqCZZFw46z626lVj9j1yEPW33H5H+lBQpZMP1k8l+78Ha0A==
  dependencies:
    fill-range "^7.0.1"

chalk@^4.1.0:
  version "4.1.2"
  resolved "https://registry.yarnpkg.com/chalk/-/chalk-4.1.2.tgz#aac4e2b7734a740867aeb16bf02aad556a1e7a01"
  integrity sha512-oKnbhFyRIXpUuez8iBMmyEa4nbj4IOQyuhc/wy9kY7/WVPcwIO9VA668Pu8RkO7+0G76SLROeyw9CpQ061i4mA==
  dependencies:
    ansi-styles "^4.1.0"
    supports-color "^7.1.0"

color-convert@^2.0.1:
  version "2.0.1"
  resolved "https://registry.yarnpkg.com/color-convert/-/color-convert-2.0.1.tgz#72d3a68d598c9bdb3af2ad1e84f21d896abd4de3"
  integrity sha512-RRECPsj7iu/xb5oKYcsFHSppFNnsj/52OVTRKb4zP5onXwVF3zVmmToNcOfGC+CRDpfK/U584fMg38ZHCaElKQ==
  dependencies:
    color-name "~1.1.4"

color-name@~1.1.4:
  version "1.1.4"
  resolved "https://registry.yarnpkg.com/color-name/-/color-name-1.1.4.tgz#c2a09a87acbde69543de6f63fa3995c826c536a2"
  integrity sha512-dOy+3AuW3a2wNbZHIuMZpTcgjGuLU/uBL/ubcZF9OXbDo8ff4O8yVp5Bf0efS8uEoYo5q4Fx7dY9OgQGXgAsQA==

component-emitter@~1.3.0:
  version "1.3.0"
  resolved "https://registry.yarnpkg.com/component-emitter/-/component-emitter-1.3.0.tgz#16e4070fba8ae29b679f2215853ee181ab2eabc0"
  integrity sha512-Rd3se6QB+sO1TwqZjscQrurpEPIfO0/yYnSin6Q/rD3mOutHvUrCAhJub3r90uNb+SESBuE0QYoB90YdfatsRg==

debug@~4.3.1, debug@~4.3.2:
  version "4.3.2"
  resolved "https://registry.yarnpkg.com/debug/-/debug-4.3.2.tgz#f0a49c18ac8779e31d4a0c6029dfb76873c7428b"
  integrity sha512-mOp8wKcvj7XxC78zLgw/ZA+6TSgkoE2C/ienthhRD298T7UNwAg9diBpLRxC0mOezLl4B0xV7M0cCO6P/O0Xhw==
  dependencies:
    ms "2.1.2"

engine.io-client@~5.2.0:
  version "5.2.0"
  resolved "https://registry.yarnpkg.com/engine.io-client/-/engine.io-client-5.2.0.tgz#ae38c79a4af16258c0300e6819c0ea8ecc1597cd"
  integrity sha512-BcIBXGBkT7wKecwnfrSV79G2X5lSUSgeAGgoo60plXf8UsQEvCQww/KMwXSMhVjb98fFYNq20CC5eo8IOAPqsg==
  dependencies:
    base64-arraybuffer "0.1.4"
    component-emitter "~1.3.0"
    debug "~4.3.1"
    engine.io-parser "~4.0.1"
    has-cors "1.1.0"
    parseqs "0.0.6"
    parseuri "0.0.6"
    ws "~7.4.2"
    xmlhttprequest-ssl "~2.0.0"
    yeast "0.1.2"

engine.io-parser@~4.0.1:
  version "4.0.3"
  resolved "https://registry.yarnpkg.com/engine.io-parser/-/engine.io-parser-4.0.3.tgz#83d3a17acfd4226f19e721bb22a1ee8f7662d2f6"
  integrity sha512-xEAAY0msNnESNPc00e19y5heTPX4y/TJ36gr8t1voOaNmTojP9b3oK3BbJLFufW2XFPQaaijpFewm2g2Um3uqA==
  dependencies:
    base64-arraybuffer "0.1.4"

enhanced-resolve@^5.0.0:
  version "5.8.2"
  resolved "https://registry.yarnpkg.com/enhanced-resolve/-/enhanced-resolve-5.8.2.tgz#15ddc779345cbb73e97c611cd00c01c1e7bf4d8b"
  integrity sha512-F27oB3WuHDzvR2DOGNTaYy0D5o0cnrv8TeI482VM4kYgQd/FT9lUQwuNsJ0oOHtBUq7eiW5ytqzp7nBFknL+GA==
  dependencies:
    graceful-fs "^4.2.4"
    tapable "^2.2.0"

fill-range@^7.0.1:
  version "7.0.1"
  resolved "https://registry.yarnpkg.com/fill-range/-/fill-range-7.0.1.tgz#1919a6a7c75fe38b2c7c77e5198535da9acdda40"
  integrity sha512-qOo9F+dMUmC2Lcb4BbVvnKJxTPjCm+RRpe4gDuGrzkL7mEVl/djYSu2OdQ2Pa302N4oqkSg9ir6jaLWJ2USVpQ==
  dependencies:
    to-regex-range "^5.0.1"

graceful-fs@^4.2.4:
  version "4.2.8"
  resolved "https://registry.yarnpkg.com/graceful-fs/-/graceful-fs-4.2.8.tgz#e412b8d33f5e006593cbd3cee6df9f2cebbe802a"
  integrity sha512-qkIilPUYcNhJpd33n0GBXTB1MMPp14TxEsEs0pTrsSVucApsYzW5V+Q8Qxhik6KU3evy+qkAAowTByymK0avdg==

has-cors@1.1.0:
  version "1.1.0"
  resolved "https://registry.yarnpkg.com/has-cors/-/has-cors-1.1.0.tgz#5e474793f7ea9843d1bb99c23eef49ff126fff39"
  integrity sha1-XkdHk/fqmEPRu5nCPu9J/xJv/zk=

has-flag@^4.0.0:
  version "4.0.0"
  resolved "https://registry.yarnpkg.com/has-flag/-/has-flag-4.0.0.tgz#944771fd9c81c81265c4d6941860da06bb59479b"
  integrity sha512-EykJT/Q1KjTWctppgIAgfSO0tKVuZUjhgMr17kqTumMl6Afv3EISleU7qZUzoXDFTAHTDC4NOoG/ZxU3EvlMPQ==

is-number@^7.0.0:
  version "7.0.0"
  resolved "https://registry.yarnpkg.com/is-number/-/is-number-7.0.0.tgz#7535345b896734d5f80c4d06c50955527a14f12b"
  integrity sha512-41Cifkg6e8TylSpdtTpeLVMqvSBEVzTttHvERD741+pnZ8ANv0004MRL43QKPDlK9cGvNp6NZWZUBlbGXYxxng==

lru-cache@^6.0.0:
  version "6.0.0"
  resolved "https://registry.yarnpkg.com/lru-cache/-/lru-cache-6.0.0.tgz#6d6fe6570ebd96aaf90fcad1dafa3b2566db3a94"
  integrity sha512-Jo6dJ04CmSjuznwJSS3pUeWmd/H0ffTlkXXgwZi+eq1UCmqQwCh+eLsYOYCwY991i2Fah4h1BEMCx4qThGbsiA==
  dependencies:
    yallist "^4.0.0"

micromatch@^4.0.0:
  version "4.0.4"
  resolved "https://registry.yarnpkg.com/micromatch/-/micromatch-4.0.4.tgz#896d519dfe9db25fce94ceb7a500919bf881ebf9"
  integrity sha512-pRmzw/XUcwXGpD9aI9q/0XOwLNygjETJ8y0ao0wdqprrzDa4YnxLcz7fQRZr8voh8V10kGhABbNcHVk5wHgWwg==
  dependencies:
    braces "^3.0.1"
    picomatch "^2.2.3"

ms@2.1.2:
  version "2.1.2"
  resolved "https://registry.yarnpkg.com/ms/-/ms-2.1.2.tgz#d09d1f357b443f493382a8eb3ccd183872ae6009"
  integrity sha512-sGkPx+VjMtmA6MX27oA4FBFELFCZZ4S4XqeGOXCv68tT+jb3vk/RyaKWP0PTKyWtmLSM0b+adUTEvbs1PEaH2w==

nanoid@^2.1.0:
  version "2.1.11"
  resolved "https://registry.yarnpkg.com/nanoid/-/nanoid-2.1.11.tgz#ec24b8a758d591561531b4176a01e3ab4f0f0280"
  integrity sha512-s/snB+WGm6uwi0WjsZdaVcuf3KJXlfGl2LcxgwkEwJF0D/BWzVWAZW/XY4bFaiR7s0Jk3FPvlnepg1H1b1UwlA==

parseqs@0.0.6:
  version "0.0.6"
  resolved "https://registry.yarnpkg.com/parseqs/-/parseqs-0.0.6.tgz#8e4bb5a19d1cdc844a08ac974d34e273afa670d5"
  integrity sha512-jeAGzMDbfSHHA091hr0r31eYfTig+29g3GKKE/PPbEQ65X0lmMwlEoqmhzu0iztID5uJpZsFlUPDP8ThPL7M8w==

parseuri@0.0.6:
  version "0.0.6"
  resolved "https://registry.yarnpkg.com/parseuri/-/parseuri-0.0.6.tgz#e1496e829e3ac2ff47f39a4dd044b32823c4a25a"
  integrity sha512-AUjen8sAkGgao7UyCX6Ahv0gIK2fABKmYjvP4xmy5JaKvcbTRueIqIPHLAfq30xJddqSE033IOMUSOMCcK3Sow==

picomatch@^2.2.3:
  version "2.3.0"
  resolved "https://registry.yarnpkg.com/picomatch/-/picomatch-2.3.0.tgz#f1f061de8f6a4bf022892e2d128234fb98302972"
  integrity sha512-lY1Q/PiJGC2zOv/z391WOTD+Z02bCgsFfvxoXXf6h7kv9o+WmsmzYqrAwY63sNgOxE4xEdq0WyUnXfKeBrSvYw==

semver@^7.3.4:
  version "7.3.5"
  resolved "https://registry.yarnpkg.com/semver/-/semver-7.3.5.tgz#0b621c879348d8998e4b0e4be94b3f12e6018ef7"
  integrity sha512-PoeGJYh8HK4BTO/a9Tf6ZG3veo/A7ZVsYrSA6J8ny9nb3B1VrpkuN+z9OE5wfE5p6H4LchYZsegiQgbJD94ZFQ==
  dependencies:
    lru-cache "^6.0.0"

shortid@^2.2.16:
  version "2.2.16"
  resolved "https://registry.yarnpkg.com/shortid/-/shortid-2.2.16.tgz#b742b8f0cb96406fd391c76bfc18a67a57fe5608"
  integrity sha512-Ugt+GIZqvGXCIItnsL+lvFJOiN7RYqlGy7QE41O3YC1xbNSeDGIRO7xg2JJXIAj1cAGnOeC1r7/T9pgrtQbv4g==
  dependencies:
    nanoid "^2.1.0"

socket.io-client@^4.2.0:
  version "4.2.0"
  resolved "https://registry.yarnpkg.com/socket.io-client/-/socket.io-client-4.2.0.tgz#195feed3de40283b1ae3f7d02cf91d3eb2c905c1"
  integrity sha512-3GJ2KMh7inJUNAOjgf8NaKJZJa9uRyfryh2LrVJyKyxmzoXlfW9DeDNqylJn0ovOFt4e/kRLNWzMt/YqqEWYSA==
  dependencies:
    "@types/component-emitter" "^1.2.10"
    backo2 "~1.0.2"
    component-emitter "~1.3.0"
    debug "~4.3.2"
    engine.io-client "~5.2.0"
    parseuri "0.0.6"
    socket.io-parser "~4.0.4"

socket.io-parser@~4.0.4:
  version "4.0.4"
  resolved "https://registry.yarnpkg.com/socket.io-parser/-/socket.io-parser-4.0.4.tgz#9ea21b0d61508d18196ef04a2c6b9ab630f4c2b0"
  integrity sha512-t+b0SS+IxG7Rxzda2EVvyBZbvFPBCjJoyHuE0P//7OAsN23GItzDRdWa6ALxZI/8R5ygK7jAR6t028/z+7295g==
  dependencies:
    "@types/component-emitter" "^1.2.10"
    component-emitter "~1.3.0"
    debug "~4.3.1"

supports-color@^7.1.0:
  version "7.2.0"
  resolved "https://registry.yarnpkg.com/supports-color/-/supports-color-7.2.0.tgz#1b7dcdcb32b8138801b3e478ba6a51caa89648da"
  integrity sha512-qpCAvRl9stuOHveKsn7HncJRvv501qIacKzQlO/+Lwxc9+0q2wLyv4Dfvt80/DPn2pqOBsJdDiogXGR9+OvwRw==
  dependencies:
    has-flag "^4.0.0"

tapable@^2.2.0:
  version "2.2.0"
  resolved "https://registry.yarnpkg.com/tapable/-/tapable-2.2.0.tgz#5c373d281d9c672848213d0e037d1c4165ab426b"
  integrity sha512-FBk4IesMV1rBxX2tfiK8RAmogtWn53puLOQlvO8XuwlgxcYbP4mVPS9Ph4aeamSyyVjOl24aYWAuc8U5kCVwMw==

to-regex-range@^5.0.1:
  version "5.0.1"
  resolved "https://registry.yarnpkg.com/to-regex-range/-/to-regex-range-5.0.1.tgz#1648c44aae7c8d988a326018ed72f5b4dd0392e4"
  integrity sha512-65P7iz6X5yEr1cwcgvQxbbIw7Uk3gOy5dIdtZ4rDveLqhrdJP+Li/Hx6tyK0NEb+2GCyneCMJiGqrADCSNk8sQ==
  dependencies:
    is-number "^7.0.0"

ts-loader@^9.2.5:
  version "9.2.5"
  resolved "https://registry.yarnpkg.com/ts-loader/-/ts-loader-9.2.5.tgz#127733a5e9243bf6dafcb8aa3b8a266d8041dca9"
  integrity sha512-al/ATFEffybdRMUIr5zMEWQdVnCGMUA9d3fXJ8dBVvBlzytPvIszoG9kZoR+94k6/i293RnVOXwMaWbXhNy9pQ==
  dependencies:
    chalk "^4.1.0"
    enhanced-resolve "^5.0.0"
    micromatch "^4.0.0"
    semver "^7.3.4"

typescript@^4.4.3:
  version "4.4.3"
  resolved "https://registry.yarnpkg.com/typescript/-/typescript-4.4.3.tgz#bdc5407caa2b109efd4f82fe130656f977a29324"
  integrity sha512-4xfscpisVgqqDfPaJo5vkd+Qd/ItkoagnHpufr+i2QCHBsNYp+G7UAoyFl8aPtx879u38wPV65rZ8qbGZijalA==

ws@~7.4.2:
  version "7.4.6"
  resolved "https://registry.yarnpkg.com/ws/-/ws-7.4.6.tgz#5654ca8ecdeee47c33a9a4bf6d28e2be2980377c"
  integrity sha512-YmhHDO4MzaDLB+M9ym/mDA5z0naX8j7SIlT8f8z+I0VtzsRbekxEutHSme7NPS2qE8StCYQNUnfWdXta/Yu85A==

xmlhttprequest-ssl@~2.0.0:
  version "2.0.0"
  resolved "https://registry.yarnpkg.com/xmlhttprequest-ssl/-/xmlhttprequest-ssl-2.0.0.tgz#91360c86b914e67f44dce769180027c0da618c67"
  integrity sha512-QKxVRxiRACQcVuQEYFsI1hhkrMlrXHPegbbd1yn9UHOmRxY+si12nQYzri3vbzt8VdTTRviqcKxcyllFas5z2A==

yallist@^4.0.0:
  version "4.0.0"
  resolved "https://registry.yarnpkg.com/yallist/-/yallist-4.0.0.tgz#9bb92790d9c0effec63be73519e11a35019a3a72"
  integrity sha512-3wdGidZyq5PB084XLES5TpOSRA3wjXAlIWMhum2kRcv/41Sn2emQ0dycQW4uZXLejwKvg6EsvbdlVL+FYEct7A==

yeast@0.1.2:
  version "0.1.2"
  resolved "https://registry.yarnpkg.com/yeast/-/yeast-0.1.2.tgz#008e06d8094320c372dbc2f8ed76a0ca6c8ac419"
  integrity sha1-AI4G2AlDIMNy28L47XagymyKxBk=
